// !$*UTF8*$!
{
	archiveVersion = 1;
	classes = {
	};
	objectVersion = 77;
	objects = {

/* Begin PBXBuildFile section */
		8F27C6A72D37C35900CE2EB3 /* ParseLiveQuery in Frameworks */ = {isa = PBXBuildFile; productRef = 8F27C6A62D37C35900CE2EB3 /* ParseLiveQuery */; };
		8F27C6A92D37C35900CE2EB3 /* ParseObjC in Frameworks */ = {isa = PBXBuildFile; productRef = 8F27C6A82D37C35900CE2EB3 /* ParseObjC */; };
		8F5F31D62D676B7D00FB919E /* ParseLiveQuery in Frameworks */ = {isa = PBXBuildFile; productRef = 8F5F31D52D676B7D00FB919E /* ParseLiveQuery */; };
		8F5F31D82D676B7D00FB919E /* ParseObjC in Frameworks */ = {isa = PBXBuildFile; productRef = 8F5F31D72D676B7D00FB919E /* ParseObjC */; };
		8F8DD72B2D6798B300FCC019 /* ParseLiveQuery in Frameworks */ = {isa = PBXBuildFile; productRef = 8F8DD72A2D6798B300FCC019 /* ParseLiveQuery */; };
		8F8DD72D2D6798B300FCC019 /* ParseObjC in Frameworks */ = {isa = PBXBuildFile; productRef = 8F8DD72C2D6798B300FCC019 /* ParseObjC */; };
		8F8DD7942D69E98D00FCC019 /* ParseLiveQuery in Frameworks */ = {isa = PBXBuildFile; productRef = 8F8DD7932D69E98D00FCC019 /* ParseLiveQuery */; };
		8F8DD7962D69E98D00FCC019 /* ParseObjC in Frameworks */ = {isa = PBXBuildFile; productRef = 8F8DD7952D69E98D00FCC019 /* ParseObjC */; };
		8FF7F65C2D3D670000F28E30 /* ParseLiveQuery in Frameworks */ = {isa = PBXBuildFile; productRef = 8FF7F65B2D3D670000F28E30 /* ParseLiveQuery */; };
		8FF7F65E2D3D670000F28E30 /* ParseObjC in Frameworks */ = {isa = PBXBuildFile; productRef = 8FF7F65D2D3D670000F28E30 /* ParseObjC */; };
		8FF7F6612D3D673000F28E30 /* ParseLiveQuery in Frameworks */ = {isa = PBXBuildFile; productRef = 8FF7F6602D3D673000F28E30 /* ParseLiveQuery */; };
		8FF7F6632D3D673000F28E30 /* ParseObjC in Frameworks */ = {isa = PBXBuildFile; productRef = 8FF7F6622D3D673000F28E30 /* ParseObjC */; };
/* End PBXBuildFile section */

/* Begin PBXContainerItemProxy section */
		8F27C6802D36965B00CE2EB3 /* PBXContainerItemProxy */ = {
			isa = PBXContainerItemProxy;
			containerPortal = 8F27C6672D36965900CE2EB3 /* Project object */;
			proxyType = 1;
			remoteGlobalIDString = 8F27C66E2D36965900CE2EB3;
			remoteInfo = "My store";
		};
		8F27C68A2D36965B00CE2EB3 /* PBXContainerItemProxy */ = {
			isa = PBXContainerItemProxy;
			containerPortal = 8F27C6672D36965900CE2EB3 /* Project object */;
			proxyType = 1;
			remoteGlobalIDString = 8F27C66E2D36965900CE2EB3;
			remoteInfo = "My store";
		};
/* End PBXContainerItemProxy section */

/* Begin PBXFileReference section */
		8F27C66F2D36965900CE2EB3 /* My store.app */ = {isa = PBXFileReference; explicitFileType = wrapper.application; includeInIndex = 0; path = "My store.app"; sourceTree = BUILT_PRODUCTS_DIR; };
		8F27C67F2D36965B00CE2EB3 /* My storeTests.xctest */ = {isa = PBXFileReference; explicitFileType = wrapper.cfbundle; includeInIndex = 0; path = "My storeTests.xctest"; sourceTree = BUILT_PRODUCTS_DIR; };
		8F27C6892D36965B00CE2EB3 /* My storeUITests.xctest */ = {isa = PBXFileReference; explicitFileType = wrapper.cfbundle; includeInIndex = 0; path = "My storeUITests.xctest"; sourceTree = BUILT_PRODUCTS_DIR; };
/* End PBXFileReference section */

/* Begin PBXFileSystemSynchronizedRootGroup section */
		8F27C6712D36965900CE2EB3 /* My store */ = {
			isa = PBXFileSystemSynchronizedRootGroup;
			path = "My store";
			sourceTree = "<group>";
		};
		8F27C6822D36965B00CE2EB3 /* My storeTests */ = {
			isa = PBXFileSystemSynchronizedRootGroup;
			path = "My storeTests";
			sourceTree = "<group>";
		};
		8F27C68C2D36965B00CE2EB3 /* My storeUITests */ = {
			isa = PBXFileSystemSynchronizedRootGroup;
			path = "My storeUITests";
			sourceTree = "<group>";
		};
/* End PBXFileSystemSynchronizedRootGroup section */

/* Begin PBXFrameworksBuildPhase section */
		8F27C66C2D36965900CE2EB3 /* Frameworks */ = {
			isa = PBXFrameworksBuildPhase;
			buildActionMask = 2147483647;
			files = (
				8FF7F6632D3D673000F28E30 /* ParseObjC in Frameworks */,
				8F27C6A92D37C35900CE2EB3 /* ParseObjC in Frameworks */,
				8F5F31D82D676B7D00FB919E /* ParseObjC in Frameworks */,
				8FF7F65C2D3D670000F28E30 /* ParseLiveQuery in Frameworks */,
				8F8DD7942D69E98D00FCC019 /* ParseLiveQuery in Frameworks */,
				8FF7F6612D3D673000F28E30 /* ParseLiveQuery in Frameworks */,
				8F8DD7962D69E98D00FCC019 /* ParseObjC in Frameworks */,
				8FF7F65E2D3D670000F28E30 /* ParseObjC in Frameworks */,
				8F8DD72D2D6798B300FCC019 /* ParseObjC in Frameworks */,
				8F5F31D62D676B7D00FB919E /* ParseLiveQuery in Frameworks */,
				8F8DD72B2D6798B300FCC019 /* ParseLiveQuery in Frameworks */,
				8F27C6A72D37C35900CE2EB3 /* ParseLiveQuery in Frameworks */,
			);
			runOnlyForDeploymentPostprocessing = 0;
		};
		8F27C67C2D36965B00CE2EB3 /* Frameworks */ = {
			isa = PBXFrameworksBuildPhase;
			buildActionMask = 2147483647;
			files = (
			);
			runOnlyForDeploymentPostprocessing = 0;
		};
		8F27C6862D36965B00CE2EB3 /* Frameworks */ = {
			isa = PBXFrameworksBuildPhase;
			buildActionMask = 2147483647;
			files = (
			);
			runOnlyForDeploymentPostprocessing = 0;
		};
/* End PBXFrameworksBuildPhase section */

/* Begin PBXGroup section */
		8F27C6662D36965900CE2EB3 = {
			isa = PBXGroup;
			children = (
				8F27C6712D36965900CE2EB3 /* My store */,
				8F27C6822D36965B00CE2EB3 /* My storeTests */,
				8F27C68C2D36965B00CE2EB3 /* My storeUITests */,
				8F27C6702D36965900CE2EB3 /* Products */,
			);
			sourceTree = "<group>";
		};
		8F27C6702D36965900CE2EB3 /* Products */ = {
			isa = PBXGroup;
			children = (
				8F27C66F2D36965900CE2EB3 /* My store.app */,
				8F27C67F2D36965B00CE2EB3 /* My storeTests.xctest */,
				8F27C6892D36965B00CE2EB3 /* My storeUITests.xctest */,
			);
			name = Products;
			sourceTree = "<group>";
		};
/* End PBXGroup section */

/* Begin PBXNativeTarget section */
		8F27C66E2D36965900CE2EB3 /* My store */ = {
			isa = PBXNativeTarget;
			buildConfigurationList = 8F27C6932D36965B00CE2EB3 /* Build configuration list for PBXNativeTarget "My store" */;
			buildPhases = (
				8F27C66B2D36965900CE2EB3 /* Sources */,
				8F27C66C2D36965900CE2EB3 /* Frameworks */,
				8F27C66D2D36965900CE2EB3 /* Resources */,
			);
			buildRules = (
			);
			dependencies = (
			);
			fileSystemSynchronizedGroups = (
				8F27C6712D36965900CE2EB3 /* My store */,
			);
			name = "My store";
			packageProductDependencies = (
				8F27C6A62D37C35900CE2EB3 /* ParseLiveQuery */,
				8F27C6A82D37C35900CE2EB3 /* ParseObjC */,
				8FF7F65B2D3D670000F28E30 /* ParseLiveQuery */,
				8FF7F65D2D3D670000F28E30 /* ParseObjC */,
				8FF7F6602D3D673000F28E30 /* ParseLiveQuery */,
				8FF7F6622D3D673000F28E30 /* ParseObjC */,
				8F5F31D52D676B7D00FB919E /* ParseLiveQuery */,
				8F5F31D72D676B7D00FB919E /* ParseObjC */,
				8F8DD72A2D6798B300FCC019 /* ParseLiveQuery */,
				8F8DD72C2D6798B300FCC019 /* ParseObjC */,
				8F8DD7932D69E98D00FCC019 /* ParseLiveQuery */,
				8F8DD7952D69E98D00FCC019 /* ParseObjC */,
			);
			productName = "My store";
			productReference = 8F27C66F2D36965900CE2EB3 /* My store.app */;
			productType = "com.apple.product-type.application";
		};
		8F27C67E2D36965B00CE2EB3 /* My storeTests */ = {
			isa = PBXNativeTarget;
			buildConfigurationList = 8F27C6962D36965B00CE2EB3 /* Build configuration list for PBXNativeTarget "My storeTests" */;
			buildPhases = (
				8F27C67B2D36965B00CE2EB3 /* Sources */,
				8F27C67C2D36965B00CE2EB3 /* Frameworks */,
				8F27C67D2D36965B00CE2EB3 /* Resources */,
			);
			buildRules = (
			);
			dependencies = (
				8F27C6812D36965B00CE2EB3 /* PBXTargetDependency */,
			);
			fileSystemSynchronizedGroups = (
				8F27C6822D36965B00CE2EB3 /* My storeTests */,
			);
			name = "My storeTests";
			packageProductDependencies = (
			);
			productName = "My storeTests";
			productReference = 8F27C67F2D36965B00CE2EB3 /* My storeTests.xctest */;
			productType = "com.apple.product-type.bundle.unit-test";
		};
		8F27C6882D36965B00CE2EB3 /* My storeUITests */ = {
			isa = PBXNativeTarget;
			buildConfigurationList = 8F27C6992D36965B00CE2EB3 /* Build configuration list for PBXNativeTarget "My storeUITests" */;
			buildPhases = (
				8F27C6852D36965B00CE2EB3 /* Sources */,
				8F27C6862D36965B00CE2EB3 /* Frameworks */,
				8F27C6872D36965B00CE2EB3 /* Resources */,
			);
			buildRules = (
			);
			dependencies = (
				8F27C68B2D36965B00CE2EB3 /* PBXTargetDependency */,
			);
			fileSystemSynchronizedGroups = (
				8F27C68C2D36965B00CE2EB3 /* My storeUITests */,
			);
			name = "My storeUITests";
			packageProductDependencies = (
			);
			productName = "My storeUITests";
			productReference = 8F27C6892D36965B00CE2EB3 /* My storeUITests.xctest */;
			productType = "com.apple.product-type.bundle.ui-testing";
		};
/* End PBXNativeTarget section */

/* Begin PBXProject section */
		8F27C6672D36965900CE2EB3 /* Project object */ = {
			isa = PBXProject;
			attributes = {
				BuildIndependentTargetsInParallel = 1;
				LastSwiftUpdateCheck = 1620;
				LastUpgradeCheck = 1620;
				TargetAttributes = {
					8F27C66E2D36965900CE2EB3 = {
						CreatedOnToolsVersion = 16.2;
					};
					8F27C67E2D36965B00CE2EB3 = {
						CreatedOnToolsVersion = 16.2;
						TestTargetID = 8F27C66E2D36965900CE2EB3;
					};
					8F27C6882D36965B00CE2EB3 = {
						CreatedOnToolsVersion = 16.2;
						TestTargetID = 8F27C66E2D36965900CE2EB3;
					};
				};
			};
			buildConfigurationList = 8F27C66A2D36965900CE2EB3 /* Build configuration list for PBXProject "My store" */;
			developmentRegion = en;
			hasScannedForEncodings = 0;
			knownRegions = (
				en,
				Base,
			);
			mainGroup = 8F27C6662D36965900CE2EB3;
			minimizedProjectReferenceProxies = 1;
			packageReferences = (
				8F27C6A52D37C35900CE2EB3 /* XCRemoteSwiftPackageReference "Parse-SDK-iOS-OSX" */,
				8F8DD7922D69E98D00FCC019 /* XCLocalSwiftPackageReference "../../../Downloads/Parse-SDK-iOS-OSX-4.2.0" */,
			);
			preferredProjectObjectVersion = 77;
			productRefGroup = 8F27C6702D36965900CE2EB3 /* Products */;
			projectDirPath = "";
			projectRoot = "";
			targets = (
				8F27C66E2D36965900CE2EB3 /* My store */,
				8F27C67E2D36965B00CE2EB3 /* My storeTests */,
				8F27C6882D36965B00CE2EB3 /* My storeUITests */,
			);
		};
/* End PBXProject section */

/* Begin PBXResourcesBuildPhase section */
		8F27C66D2D36965900CE2EB3 /* Resources */ = {
			isa = PBXResourcesBuildPhase;
			buildActionMask = 2147483647;
			files = (
			);
			runOnlyForDeploymentPostprocessing = 0;
		};
		8F27C67D2D36965B00CE2EB3 /* Resources */ = {
			isa = PBXResourcesBuildPhase;
			buildActionMask = 2147483647;
			files = (
			);
			runOnlyForDeploymentPostprocessing = 0;
		};
		8F27C6872D36965B00CE2EB3 /* Resources */ = {
			isa = PBXResourcesBuildPhase;
			buildActionMask = 2147483647;
			files = (
			);
			runOnlyForDeploymentPostprocessing = 0;
		};
/* End PBXResourcesBuildPhase section */

/* Begin PBXSourcesBuildPhase section */
		8F27C66B2D36965900CE2EB3 /* Sources */ = {
			isa = PBXSourcesBuildPhase;
			buildActionMask = 2147483647;
			files = (
			);
			runOnlyForDeploymentPostprocessing = 0;
		};
		8F27C67B2D36965B00CE2EB3 /* Sources */ = {
			isa = PBXSourcesBuildPhase;
			buildActionMask = 2147483647;
			files = (
			);
			runOnlyForDeploymentPostprocessing = 0;
		};
		8F27C6852D36965B00CE2EB3 /* Sources */ = {
			isa = PBXSourcesBuildPhase;
			buildActionMask = 2147483647;
			files = (
			);
			runOnlyForDeploymentPostprocessing = 0;
		};
/* End PBXSourcesBuildPhase section */

/* Begin PBXTargetDependency section */
		8F27C6812D36965B00CE2EB3 /* PBXTargetDependency */ = {
			isa = PBXTargetDependency;
			target = 8F27C66E2D36965900CE2EB3 /* My store */;
			targetProxy = 8F27C6802D36965B00CE2EB3 /* PBXContainerItemProxy */;
		};
		8F27C68B2D36965B00CE2EB3 /* PBXTargetDependency */ = {
			isa = PBXTargetDependency;
			target = 8F27C66E2D36965900CE2EB3 /* My store */;
			targetProxy = 8F27C68A2D36965B00CE2EB3 /* PBXContainerItemProxy */;
		};
/* End PBXTargetDependency section */

/* Begin XCBuildConfiguration section */
		8F27C6912D36965B00CE2EB3 /* Debug */ = {
			isa = XCBuildConfiguration;
			buildSettings = {
				ALWAYS_SEARCH_USER_PATHS = NO;
				ASSETCATALOG_COMPILER_GENERATE_SWIFT_ASSET_SYMBOL_EXTENSIONS = YES;
				CLANG_ANALYZER_NONNULL = YES;
				CLANG_ANALYZER_NUMBER_OBJECT_CONVERSION = YES_AGGRESSIVE;
				CLANG_CXX_LANGUAGE_STANDARD = "gnu++20";
				CLANG_ENABLE_MODULES = YES;
				CLANG_ENABLE_OBJC_ARC = YES;
				CLANG_ENABLE_OBJC_WEAK = YES;
				CLANG_WARN_BLOCK_CAPTURE_AUTORELEASING = YES;
				CLANG_WARN_BOOL_CONVERSION = YES;
				CLANG_WARN_COMMA = YES;
				CLANG_WARN_CONSTANT_CONVERSION = YES;
				CLANG_WARN_DEPRECATED_OBJC_IMPLEMENTATIONS = YES;
				CLANG_WARN_DIRECT_OBJC_ISA_USAGE = YES_ERROR;
				CLANG_WARN_DOCUMENTATION_COMMENTS = YES;
				CLANG_WARN_EMPTY_BODY = YES;
				CLANG_WARN_ENUM_CONVERSION = YES;
				CLANG_WARN_INFINITE_RECURSION = YES;
				CLANG_WARN_INT_CONVERSION = YES;
				CLANG_WARN_NON_LITERAL_NULL_CONVERSION = YES;
				CLANG_WARN_OBJC_IMPLICIT_RETAIN_SELF = YES;
				CLANG_WARN_OBJC_LITERAL_CONVERSION = YES;
				CLANG_WARN_OBJC_ROOT_CLASS = YES_ERROR;
				CLANG_WARN_QUOTED_INCLUDE_IN_FRAMEWORK_HEADER = YES;
				CLANG_WARN_RANGE_LOOP_ANALYSIS = YES;
				CLANG_WARN_STRICT_PROTOTYPES = YES;
				CLANG_WARN_SUSPICIOUS_MOVE = YES;
				CLANG_WARN_UNGUARDED_AVAILABILITY = YES_AGGRESSIVE;
				CLANG_WARN_UNREACHABLE_CODE = YES;
				CLANG_WARN__DUPLICATE_METHOD_MATCH = YES;
				COPY_PHASE_STRIP = NO;
				DEBUG_INFORMATION_FORMAT = dwarf;
				ENABLE_STRICT_OBJC_MSGSEND = YES;
				ENABLE_TESTABILITY = YES;
				ENABLE_USER_SCRIPT_SANDBOXING = YES;
				GCC_C_LANGUAGE_STANDARD = gnu17;
				GCC_DYNAMIC_NO_PIC = NO;
				GCC_NO_COMMON_BLOCKS = YES;
				GCC_OPTIMIZATION_LEVEL = 0;
				GCC_PREPROCESSOR_DEFINITIONS = (
					"DEBUG=1",
					"$(inherited)",
				);
				GCC_WARN_64_TO_32_BIT_CONVERSION = YES;
				GCC_WARN_ABOUT_RETURN_TYPE = YES_ERROR;
				GCC_WARN_UNDECLARED_SELECTOR = YES;
				GCC_WARN_UNINITIALIZED_AUTOS = YES_AGGRESSIVE;
				GCC_WARN_UNUSED_FUNCTION = YES;
				GCC_WARN_UNUSED_VARIABLE = YES;
				IPHONEOS_DEPLOYMENT_TARGET = 18.2;
				LOCALIZATION_PREFERS_STRING_CATALOGS = YES;
				MTL_ENABLE_DEBUG_INFO = INCLUDE_SOURCE;
				MTL_FAST_MATH = YES;
				ONLY_ACTIVE_ARCH = YES;
				SDKROOT = iphoneos;
				SWIFT_ACTIVE_COMPILATION_CONDITIONS = "DEBUG $(inherited)";
				SWIFT_OPTIMIZATION_LEVEL = "-Onone";
			};
			name = Debug;
		};
		8F27C6922D36965B00CE2EB3 /* Release */ = {
			isa = XCBuildConfiguration;
			buildSettings = {
				ALWAYS_SEARCH_USER_PATHS = NO;
				ASSETCATALOG_COMPILER_GENERATE_SWIFT_ASSET_SYMBOL_EXTENSIONS = YES;
				CLANG_ANALYZER_NONNULL = YES;
				CLANG_ANALYZER_NUMBER_OBJECT_CONVERSION = YES_AGGRESSIVE;
				CLANG_CXX_LANGUAGE_STANDARD = "gnu++20";
				CLANG_ENABLE_MODULES = YES;
				CLANG_ENABLE_OBJC_ARC = YES;
				CLANG_ENABLE_OBJC_WEAK = YES;
				CLANG_WARN_BLOCK_CAPTURE_AUTORELEASING = YES;
				CLANG_WARN_BOOL_CONVERSION = YES;
				CLANG_WARN_COMMA = YES;
				CLANG_WARN_CONSTANT_CONVERSION = YES;
				CLANG_WARN_DEPRECATED_OBJC_IMPLEMENTATIONS = YES;
				CLANG_WARN_DIRECT_OBJC_ISA_USAGE = YES_ERROR;
				CLANG_WARN_DOCUMENTATION_COMMENTS = YES;
				CLANG_WARN_EMPTY_BODY = YES;
				CLANG_WARN_ENUM_CONVERSION = YES;
				CLANG_WARN_INFINITE_RECURSION = YES;
				CLANG_WARN_INT_CONVERSION = YES;
				CLANG_WARN_NON_LITERAL_NULL_CONVERSION = YES;
				CLANG_WARN_OBJC_IMPLICIT_RETAIN_SELF = YES;
				CLANG_WARN_OBJC_LITERAL_CONVERSION = YES;
				CLANG_WARN_OBJC_ROOT_CLASS = YES_ERROR;
				CLANG_WARN_QUOTED_INCLUDE_IN_FRAMEWORK_HEADER = YES;
				CLANG_WARN_RANGE_LOOP_ANALYSIS = YES;
				CLANG_WARN_STRICT_PROTOTYPES = YES;
				CLANG_WARN_SUSPICIOUS_MOVE = YES;
				CLANG_WARN_UNGUARDED_AVAILABILITY = YES_AGGRESSIVE;
				CLANG_WARN_UNREACHABLE_CODE = YES;
				CLANG_WARN__DUPLICATE_METHOD_MATCH = YES;
				COPY_PHASE_STRIP = NO;
				DEBUG_INFORMATION_FORMAT = "dwarf-with-dsym";
				ENABLE_NS_ASSERTIONS = NO;
				ENABLE_STRICT_OBJC_MSGSEND = YES;
				ENABLE_USER_SCRIPT_SANDBOXING = YES;
				GCC_C_LANGUAGE_STANDARD = gnu17;
				GCC_NO_COMMON_BLOCKS = YES;
				GCC_WARN_64_TO_32_BIT_CONVERSION = YES;
				GCC_WARN_ABOUT_RETURN_TYPE = YES_ERROR;
				GCC_WARN_UNDECLARED_SELECTOR = YES;
				GCC_WARN_UNINITIALIZED_AUTOS = YES_AGGRESSIVE;
				GCC_WARN_UNUSED_FUNCTION = YES;
				GCC_WARN_UNUSED_VARIABLE = YES;
				IPHONEOS_DEPLOYMENT_TARGET = 18.2;
				LOCALIZATION_PREFERS_STRING_CATALOGS = YES;
				MTL_ENABLE_DEBUG_INFO = NO;
				MTL_FAST_MATH = YES;
				SDKROOT = iphoneos;
				SWIFT_COMPILATION_MODE = wholemodule;
				VALIDATE_PRODUCT = YES;
			};
			name = Release;
		};
		8F27C6942D36965B00CE2EB3 /* Debug */ = {
			isa = XCBuildConfiguration;
			buildSettings = {
				ASSETCATALOG_COMPILER_APPICON_NAME = AppIcon;
				ASSETCATALOG_COMPILER_GLOBAL_ACCENT_COLOR_NAME = AccentColor;
				CODE_SIGN_STYLE = Automatic;
				CURRENT_PROJECT_VERSION = 1;
				DEVELOPMENT_ASSET_PATHS = "\"My store/Preview Content\"";
				DEVELOPMENT_TEAM = 27PMK2J8Y4;
				ENABLE_PREVIEWS = YES;
				GENERATE_INFOPLIST_FILE = YES;
				INFOPLIST_KEY_UIApplicationSceneManifest_Generation = YES;
				INFOPLIST_KEY_UIApplicationSupportsIndirectInputEvents = YES;
				INFOPLIST_KEY_UILaunchScreen_Generation = YES;
				INFOPLIST_KEY_UISupportedInterfaceOrientations_iPad = "UIInterfaceOrientationPortrait UIInterfaceOrientationPortraitUpsideDown UIInterfaceOrientationLandscapeLeft UIInterfaceOrientationLandscapeRight";
				INFOPLIST_KEY_UISupportedInterfaceOrientations_iPhone = "UIInterfaceOrientationPortrait UIInterfaceOrientationLandscapeLeft UIInterfaceOrientationLandscapeRight";
				IPHONEOS_DEPLOYMENT_TARGET = 18.2;
				LD_RUNPATH_SEARCH_PATHS = (
					"$(inherited)",
					"@executable_path/Frameworks",
				);
				MARKETING_VERSION = 1.0;
				PRODUCT_BUNDLE_IDENTIFIER = "ru.mikhailSuprun.My-store";
				PRODUCT_NAME = "$(TARGET_NAME)";
				SWIFT_EMIT_LOC_STRINGS = YES;
				SWIFT_VERSION = 5.0;
				TARGETED_DEVICE_FAMILY = "1,2";
			};
			name = Debug;
		};
		8F27C6952D36965B00CE2EB3 /* Release */ = {
			isa = XCBuildConfiguration;
			buildSettings = {
				ASSETCATALOG_COMPILER_APPICON_NAME = AppIcon;
				ASSETCATALOG_COMPILER_GLOBAL_ACCENT_COLOR_NAME = AccentColor;
				CODE_SIGN_STYLE = Automatic;
				CURRENT_PROJECT_VERSION = 1;
				DEVELOPMENT_ASSET_PATHS = "\"My store/Preview Content\"";
				DEVELOPMENT_TEAM = 27PMK2J8Y4;
				ENABLE_PREVIEWS = YES;
				GENERATE_INFOPLIST_FILE = YES;
				INFOPLIST_KEY_UIApplicationSceneManifest_Generation = YES;
				INFOPLIST_KEY_UIApplicationSupportsIndirectInputEvents = YES;
				INFOPLIST_KEY_UILaunchScreen_Generation = YES;
				INFOPLIST_KEY_UISupportedInterfaceOrientations_iPad = "UIInterfaceOrientationPortrait UIInterfaceOrientationPortraitUpsideDown UIInterfaceOrientationLandscapeLeft UIInterfaceOrientationLandscapeRight";
				INFOPLIST_KEY_UISupportedInterfaceOrientations_iPhone = "UIInterfaceOrientationPortrait UIInterfaceOrientationLandscapeLeft UIInterfaceOrientationLandscapeRight";
				IPHONEOS_DEPLOYMENT_TARGET = 18.2;
				LD_RUNPATH_SEARCH_PATHS = (
					"$(inherited)",
					"@executable_path/Frameworks",
				);
				MARKETING_VERSION = 1.0;
				PRODUCT_BUNDLE_IDENTIFIER = "ru.mikhailSuprun.My-store";
				PRODUCT_NAME = "$(TARGET_NAME)";
				SWIFT_EMIT_LOC_STRINGS = YES;
				SWIFT_VERSION = 5.0;
				TARGETED_DEVICE_FAMILY = "1,2";
			};
			name = Release;
		};
		8F27C6972D36965B00CE2EB3 /* Debug */ = {
			isa = XCBuildConfiguration;
			buildSettings = {
				BUNDLE_LOADER = "$(TEST_HOST)";
				CODE_SIGN_STYLE = Automatic;
				CURRENT_PROJECT_VERSION = 1;
				DEVELOPMENT_TEAM = 27PMK2J8Y4;
				GENERATE_INFOPLIST_FILE = YES;
				IPHONEOS_DEPLOYMENT_TARGET = 18.2;
				MARKETING_VERSION = 1.0;
				PRODUCT_BUNDLE_IDENTIFIER = "ru.mikhailSuprun.My-storeTests";
				PRODUCT_NAME = "$(TARGET_NAME)";
				SWIFT_EMIT_LOC_STRINGS = NO;
				SWIFT_VERSION = 5.0;
				TARGETED_DEVICE_FAMILY = "1,2";
				TEST_HOST = "$(BUILT_PRODUCTS_DIR)/My store.app/$(BUNDLE_EXECUTABLE_FOLDER_PATH)/My store";
			};
			name = Debug;
		};
		8F27C6982D36965B00CE2EB3 /* Release */ = {
			isa = XCBuildConfiguration;
			buildSettings = {
				BUNDLE_LOADER = "$(TEST_HOST)";
				CODE_SIGN_STYLE = Automatic;
				CURRENT_PROJECT_VERSION = 1;
				DEVELOPMENT_TEAM = 27PMK2J8Y4;
				GENERATE_INFOPLIST_FILE = YES;
				IPHONEOS_DEPLOYMENT_TARGET = 18.2;
				MARKETING_VERSION = 1.0;
				PRODUCT_BUNDLE_IDENTIFIER = "ru.mikhailSuprun.My-storeTests";
				PRODUCT_NAME = "$(TARGET_NAME)";
				SWIFT_EMIT_LOC_STRINGS = NO;
				SWIFT_VERSION = 5.0;
				TARGETED_DEVICE_FAMILY = "1,2";
				TEST_HOST = "$(BUILT_PRODUCTS_DIR)/My store.app/$(BUNDLE_EXECUTABLE_FOLDER_PATH)/My store";
			};
			name = Release;
		};
		8F27C69A2D36965B00CE2EB3 /* Debug */ = {
			isa = XCBuildConfiguration;
			buildSettings = {
				CODE_SIGN_STYLE = Automatic;
				CURRENT_PROJECT_VERSION = 1;
				DEVELOPMENT_TEAM = 27PMK2J8Y4;
				GENERATE_INFOPLIST_FILE = YES;
				MARKETING_VERSION = 1.0;
				PRODUCT_BUNDLE_IDENTIFIER = "ru.mikhailSuprun.My-storeUITests";
				PRODUCT_NAME = "$(TARGET_NAME)";
				SWIFT_EMIT_LOC_STRINGS = NO;
				SWIFT_VERSION = 5.0;
				TARGETED_DEVICE_FAMILY = "1,2";
				TEST_TARGET_NAME = "My store";
			};
			name = Debug;
		};
		8F27C69B2D36965B00CE2EB3 /* Release */ = {
			isa = XCBuildConfiguration;
			buildSettings = {
				CODE_SIGN_STYLE = Automatic;
				CURRENT_PROJECT_VERSION = 1;
				DEVELOPMENT_TEAM = 27PMK2J8Y4;
				GENERATE_INFOPLIST_FILE = YES;
				MARKETING_VERSION = 1.0;
				PRODUCT_BUNDLE_IDENTIFIER = "ru.mikhailSuprun.My-storeUITests";
				PRODUCT_NAME = "$(TARGET_NAME)";
				SWIFT_EMIT_LOC_STRINGS = NO;
				SWIFT_VERSION = 5.0;
				TARGETED_DEVICE_FAMILY = "1,2";
				TEST_TARGET_NAME = "My store";
			};
			name = Release;
		};
/* End XCBuildConfiguration section */

/* Begin XCConfigurationList section */
		8F27C66A2D36965900CE2EB3 /* Build configuration list for PBXProject "My store" */ = {
			isa = XCConfigurationList;
			buildConfigurations = (
				8F27C6912D36965B00CE2EB3 /* Debug */,
				8F27C6922D36965B00CE2EB3 /* Release */,
			);
			defaultConfigurationIsVisible = 0;
			defaultConfigurationName = Release;
		};
		8F27C6932D36965B00CE2EB3 /* Build configuration list for PBXNativeTarget "My store" */ = {
			isa = XCConfigurationList;
			buildConfigurations = (
				8F27C6942D36965B00CE2EB3 /* Debug */,
				8F27C6952D36965B00CE2EB3 /* Release */,
			);
			defaultConfigurationIsVisible = 0;
			defaultConfigurationName = Release;
		};
		8F27C6962D36965B00CE2EB3 /* Build configuration list for PBXNativeTarget "My storeTests" */ = {
			isa = XCConfigurationList;
			buildConfigurations = (
				8F27C6972D36965B00CE2EB3 /* Debug */,
				8F27C6982D36965B00CE2EB3 /* Release */,
			);
			defaultConfigurationIsVisible = 0;
			defaultConfigurationName = Release;
		};
		8F27C6992D36965B00CE2EB3 /* Build configuration list for PBXNativeTarget "My storeUITests" */ = {
			isa = XCConfigurationList;
			buildConfigurations = (
				8F27C69A2D36965B00CE2EB3 /* Debug */,
				8F27C69B2D36965B00CE2EB3 /* Release */,
			);
			defaultConfigurationIsVisible = 0;
			defaultConfigurationName = Release;
		};
/* End XCConfigurationList section */

/* Begin XCLocalSwiftPackageReference section */
		8F8DD7922D69E98D00FCC019 /* XCLocalSwiftPackageReference "../../../Downloads/Parse-SDK-iOS-OSX-4.2.0" */ = {
			isa = XCLocalSwiftPackageReference;
			relativePath = "../../../Downloads/Parse-SDK-iOS-OSX-4.2.0";
		};
/* End XCLocalSwiftPackageReference section */

/* Begin XCRemoteSwiftPackageReference section */
		8F27C6A52D37C35900CE2EB3 /* XCRemoteSwiftPackageReference "Parse-SDK-iOS-OSX" */ = {
			isa = XCRemoteSwiftPackageReference;
			repositoryURL = "https://github.com/parse-community/Parse-SDK-iOS-OSX";
			requirement = {
				kind = upToNextMajorVersion;
				minimumVersion = 4.2.0;
			};
		};
/* End XCRemoteSwiftPackageReference section */

/* Begin XCSwiftPackageProductDependency section */
		8F27C6A62D37C35900CE2EB3 /* ParseLiveQuery */ = {
			isa = XCSwiftPackageProductDependency;
			package = 8F27C6A52D37C35900CE2EB3 /* XCRemoteSwiftPackageReference "Parse-SDK-iOS-OSX" */;
			productName = ParseLiveQuery;
		};
		8F27C6A82D37C35900CE2EB3 /* ParseObjC */ = {
			isa = XCSwiftPackageProductDependency;
			package = 8F27C6A52D37C35900CE2EB3 /* XCRemoteSwiftPackageReference "Parse-SDK-iOS-OSX" */;
			productName = ParseObjC;
		};
		8F5F31D52D676B7D00FB919E /* ParseLiveQuery */ = {
			isa = XCSwiftPackageProductDependency;
			productName = ParseLiveQuery;
		};
		8F5F31D72D676B7D00FB919E /* ParseObjC */ = {
			isa = XCSwiftPackageProductDependency;
			productName = ParseObjC;
		};
		8F8DD72A2D6798B300FCC019 /* ParseLiveQuery */ = {
			isa = XCSwiftPackageProductDependency;
			productName = ParseLiveQuery;
		};
		8F8DD72C2D6798B300FCC019 /* ParseObjC */ = {
			isa = XCSwiftPackageProductDependency;
			productName = ParseObjC;
		};
		8F8DD7932D69E98D00FCC019 /* ParseLiveQuery */ = {
			isa = XCSwiftPackageProductDependency;
			productName = ParseLiveQuery;
		};
		8F8DD7952D69E98D00FCC019 /* ParseObjC */ = {
			isa = XCSwiftPackageProductDependency;
			productName = ParseObjC;
		};
		8FF7F65B2D3D670000F28E30 /* ParseLiveQuery */ = {
			isa = XCSwiftPackageProductDependency;
			productName = ParseLiveQuery;
		};
		8FF7F65D2D3D670000F28E30 /* ParseObjC */ = {
			isa = XCSwiftPackageProductDependency;
			productName = ParseObjC;
		};
		8FF7F6602D3D673000F28E30 /* ParseLiveQuery */ = {
			isa = XCSwiftPackageProductDependency;
			productName = ParseLiveQuery;
		};
		8FF7F6622D3D673000F28E30 /* ParseObjC */ = {
			isa = XCSwiftPackageProductDependency;
			productName = ParseObjC;
		};
/* End XCSwiftPackageProductDependency section */
	};
	rootObject = 8F27C6672D36965900CE2EB3 /* Project object */;
}
